// !$*UTF8*$!
{
	archiveVersion = 1;
	classes = {
	};
	objectVersion = 46;
	objects = {

/* Begin PBXBuildFile section */
		8111BA4718812F8C00DD2509 /* User.m in Sources */ = {isa = PBXBuildFile; fileRef = 8111BA4618812F8C00DD2509 /* User.m */; };
		81BA3771187A0808000C61C3 /* Foundation.framework in Frameworks */ = {isa = PBXBuildFile; fileRef = 81BA3770187A0808000C61C3 /* Foundation.framework */; };
		81BA3773187A0808000C61C3 /* CoreGraphics.framework in Frameworks */ = {isa = PBXBuildFile; fileRef = 81BA3772187A0808000C61C3 /* CoreGraphics.framework */; };
		81BA3775187A0808000C61C3 /* UIKit.framework in Frameworks */ = {isa = PBXBuildFile; fileRef = 81BA3774187A0808000C61C3 /* UIKit.framework */; };
		81BA377B187A0808000C61C3 /* InfoPlist.strings in Resources */ = {isa = PBXBuildFile; fileRef = 81BA3779187A0808000C61C3 /* InfoPlist.strings */; };
		81BA377D187A0808000C61C3 /* main.m in Sources */ = {isa = PBXBuildFile; fileRef = 81BA377C187A0808000C61C3 /* main.m */; };
		81BA3781187A0808000C61C3 /* AppDelegate.m in Sources */ = {isa = PBXBuildFile; fileRef = 81BA3780187A0808000C61C3 /* AppDelegate.m */; };
		81BA3784187A0808000C61C3 /* Main.storyboard in Resources */ = {isa = PBXBuildFile; fileRef = 81BA3782187A0808000C61C3 /* Main.storyboard */; };
		81BA3787187A0808000C61C3 /* ViewController.m in Sources */ = {isa = PBXBuildFile; fileRef = 81BA3786187A0808000C61C3 /* ViewController.m */; };
		81BA3789187A0808000C61C3 /* Images.xcassets in Resources */ = {isa = PBXBuildFile; fileRef = 81BA3788187A0808000C61C3 /* Images.xcassets */; };
		81BA3790187A0808000C61C3 /* XCTest.framework in Frameworks */ = {isa = PBXBuildFile; fileRef = 81BA378F187A0808000C61C3 /* XCTest.framework */; };
		81BA3791187A0808000C61C3 /* Foundation.framework in Frameworks */ = {isa = PBXBuildFile; fileRef = 81BA3770187A0808000C61C3 /* Foundation.framework */; };
		81BA3792187A0808000C61C3 /* UIKit.framework in Frameworks */ = {isa = PBXBuildFile; fileRef = 81BA3774187A0808000C61C3 /* UIKit.framework */; };
		81BA379A187A0808000C61C3 /* InfoPlist.strings in Resources */ = {isa = PBXBuildFile; fileRef = 81BA3798187A0808000C61C3 /* InfoPlist.strings */; };
		81BA379C187A0808000C61C3 /* LiteralsDemoTests.m in Sources */ = {isa = PBXBuildFile; fileRef = 81BA379B187A0808000C61C3 /* LiteralsDemoTests.m */; };
/* End PBXBuildFile section */

/* Begin PBXContainerItemProxy section */
		81BA3793187A0808000C61C3 /* PBXContainerItemProxy */ = {
			isa = PBXContainerItemProxy;
			containerPortal = 81BA3765187A0807000C61C3 /* Project object */;
			proxyType = 1;
			remoteGlobalIDString = 81BA376C187A0807000C61C3;
			remoteInfo = LiteralsDemo;
		};
/* End PBXContainerItemProxy section */

/* Begin PBXFileReference section */
		8111BA4518812F8C00DD2509 /* User.h */ = {isa = PBXFileReference; fileEncoding = 4; lastKnownFileType = sourcecode.c.h; path = User.h; sourceTree = "<group>"; };
		8111BA4618812F8C00DD2509 /* User.m */ = {isa = PBXFileReference; fileEncoding = 4; lastKnownFileType = sourcecode.c.objc; path = User.m; sourceTree = "<group>"; };
		81BA376D187A0807000C61C3 /* LiteralsDemo.app */ = {isa = PBXFileReference; explicitFileType = wrapper.application; includeInIndex = 0; path = LiteralsDemo.app; sourceTree = BUILT_PRODUCTS_DIR; };
		81BA3770187A0808000C61C3 /* Foundation.framework */ = {isa = PBXFileReference; lastKnownFileType = wrapper.framework; name = Foundation.framework; path = System/Library/Frameworks/Foundation.framework; sourceTree = SDKROOT; };
		81BA3772187A0808000C61C3 /* CoreGraphics.framework */ = {isa = PBXFileReference; lastKnownFileType = wrapper.framework; name = CoreGraphics.framework; path = System/Library/Frameworks/CoreGraphics.framework; sourceTree = SDKROOT; };
		81BA3774187A0808000C61C3 /* UIKit.framework */ = {isa = PBXFileReference; lastKnownFileType = wrapper.framework; name = UIKit.framework; path = System/Library/Frameworks/UIKit.framework; sourceTree = SDKROOT; };
		81BA3778187A0808000C61C3 /* LiteralsDemo-Info.plist */ = {isa = PBXFileReference; lastKnownFileType = text.plist.xml; path = "LiteralsDemo-Info.plist"; sourceTree = "<group>"; };
		81BA377A187A0808000C61C3 /* en */ = {isa = PBXFileReference; lastKnownFileType = text.plist.strings; name = en; path = en.lproj/InfoPlist.strings; sourceTree = "<group>"; };
		81BA377C187A0808000C61C3 /* main.m */ = {isa = PBXFileReference; lastKnownFileType = sourcecode.c.objc; path = main.m; sourceTree = "<group>"; };
		81BA377E187A0808000C61C3 /* LiteralsDemo-Prefix.pch */ = {isa = PBXFileReference; lastKnownFileType = sourcecode.c.h; path = "LiteralsDemo-Prefix.pch"; sourceTree = "<group>"; };
		81BA377F187A0808000C61C3 /* AppDelegate.h */ = {isa = PBXFileReference; lastKnownFileType = sourcecode.c.h; path = AppDelegate.h; sourceTree = "<group>"; };
		81BA3780187A0808000C61C3 /* AppDelegate.m */ = {isa = PBXFileReference; lastKnownFileType = sourcecode.c.objc; path = AppDelegate.m; sourceTree = "<group>"; };
		81BA3783187A0808000C61C3 /* Base */ = {isa = PBXFileReference; lastKnownFileType = file.storyboard; name = Base; path = Base.lproj/Main.storyboard; sourceTree = "<group>"; };
		81BA3785187A0808000C61C3 /* ViewController.h */ = {isa = PBXFileReference; lastKnownFileType = sourcecode.c.h; path = ViewController.h; sourceTree = "<group>"; };
		81BA3786187A0808000C61C3 /* ViewController.m */ = {isa = PBXFileReference; lastKnownFileType = sourcecode.c.objc; path = ViewController.m; sourceTree = "<group>"; };
		81BA3788187A0808000C61C3 /* Images.xcassets */ = {isa = PBXFileReference; lastKnownFileType = folder.assetcatalog; path = Images.xcassets; sourceTree = "<group>"; };
		81BA378E187A0808000C61C3 /* LiteralsDemoTests.xctest */ = {isa = PBXFileReference; explicitFileType = wrapper.cfbundle; includeInIndex = 0; path = LiteralsDemoTests.xctest; sourceTree = BUILT_PRODUCTS_DIR; };
		81BA378F187A0808000C61C3 /* XCTest.framework */ = {isa = PBXFileReference; lastKnownFileType = wrapper.framework; name = XCTest.framework; path = Library/Frameworks/XCTest.framework; sourceTree = DEVELOPER_DIR; };
		81BA3797187A0808000C61C3 /* LiteralsDemoTests-Info.plist */ = {isa = PBXFileReference; lastKnownFileType = text.plist.xml; path = "LiteralsDemoTests-Info.plist"; sourceTree = "<group>"; };
		81BA3799187A0808000C61C3 /* en */ = {isa = PBXFileReference; lastKnownFileType = text.plist.strings; name = en; path = en.lproj/InfoPlist.strings; sourceTree = "<group>"; };
		81BA379B187A0808000C61C3 /* LiteralsDemoTests.m */ = {isa = PBXFileReference; lastKnownFileType = sourcecode.c.objc; path = LiteralsDemoTests.m; sourceTree = "<group>"; };
/* End PBXFileReference section */

/* Begin PBXFrameworksBuildPhase section */
		81BA376A187A0807000C61C3 /* Frameworks */ = {
			isa = PBXFrameworksBuildPhase;
			buildActionMask = 2147483647;
			files = (
				81BA3773187A0808000C61C3 /* CoreGraphics.framework in Frameworks */,
				81BA3775187A0808000C61C3 /* UIKit.framework in Frameworks */,
				81BA3771187A0808000C61C3 /* Foundation.framework in Frameworks */,
			);
			runOnlyForDeploymentPostprocessing = 0;
		};
		81BA378B187A0808000C61C3 /* Frameworks */ = {
			isa = PBXFrameworksBuildPhase;
			buildActionMask = 2147483647;
			files = (
				81BA3790187A0808000C61C3 /* XCTest.framework in Frameworks */,
				81BA3792187A0808000C61C3 /* UIKit.framework in Frameworks */,
				81BA3791187A0808000C61C3 /* Foundation.framework in Frameworks */,
			);
			runOnlyForDeploymentPostprocessing = 0;
		};
/* End PBXFrameworksBuildPhase section */

/* Begin PBXGroup section */
		81BA3764187A0807000C61C3 = {
			isa = PBXGroup;
			children = (
				81BA3776187A0808000C61C3 /* LiteralsDemo */,
				81BA3795187A0808000C61C3 /* LiteralsDemoTests */,
				81BA376F187A0807000C61C3 /* Frameworks */,
				81BA376E187A0807000C61C3 /* Products */,
			);
			sourceTree = "<group>";
		};
		81BA376E187A0807000C61C3 /* Products */ = {
			isa = PBXGroup;
			children = (
				81BA376D187A0807000C61C3 /* LiteralsDemo.app */,
				81BA378E187A0808000C61C3 /* LiteralsDemoTests.xctest */,
			);
			name = Products;
			sourceTree = "<group>";
		};
		81BA376F187A0807000C61C3 /* Frameworks */ = {
			isa = PBXGroup;
			children = (
				81BA3770187A0808000C61C3 /* Foundation.framework */,
				81BA3772187A0808000C61C3 /* CoreGraphics.framework */,
				81BA3774187A0808000C61C3 /* UIKit.framework */,
				81BA378F187A0808000C61C3 /* XCTest.framework */,
			);
			name = Frameworks;
			sourceTree = "<group>";
		};
		81BA3776187A0808000C61C3 /* LiteralsDemo */ = {
			isa = PBXGroup;
			children = (
				81BA377F187A0808000C61C3 /* AppDelegate.h */,
				81BA3780187A0808000C61C3 /* AppDelegate.m */,
				81BA3782187A0808000C61C3 /* Main.storyboard */,
				81BA3785187A0808000C61C3 /* ViewController.h */,
				81BA3786187A0808000C61C3 /* ViewController.m */,
				81BA3788187A0808000C61C3 /* Images.xcassets */,
				81BA3777187A0808000C61C3 /* Supporting Files */,
				8111BA4518812F8C00DD2509 /* User.h */,
				8111BA4618812F8C00DD2509 /* User.m */,
			);
			path = LiteralsDemo;
			sourceTree = "<group>";
		};
		81BA3777187A0808000C61C3 /* Supporting Files */ = {
			isa = PBXGroup;
			children = (
				81BA3778187A0808000C61C3 /* LiteralsDemo-Info.plist */,
				81BA3779187A0808000C61C3 /* InfoPlist.strings */,
				81BA377C187A0808000C61C3 /* main.m */,
				81BA377E187A0808000C61C3 /* LiteralsDemo-Prefix.pch */,
			);
			name = "Supporting Files";
			sourceTree = "<group>";
		};
		81BA3795187A0808000C61C3 /* LiteralsDemoTests */ = {
			isa = PBXGroup;
			children = (
				81BA379B187A0808000C61C3 /* LiteralsDemoTests.m */,
				81BA3796187A0808000C61C3 /* Supporting Files */,
			);
			path = LiteralsDemoTests;
			sourceTree = "<group>";
		};
		81BA3796187A0808000C61C3 /* Supporting Files */ = {
			isa = PBXGroup;
			children = (
				81BA3797187A0808000C61C3 /* LiteralsDemoTests-Info.plist */,
				81BA3798187A0808000C61C3 /* InfoPlist.strings */,
			);
			name = "Supporting Files";
			sourceTree = "<group>";
		};
/* End PBXGroup section */

/* Begin PBXNativeTarget section */
		81BA376C187A0807000C61C3 /* LiteralsDemo */ = {
			isa = PBXNativeTarget;
			buildConfigurationList = 81BA379F187A0808000C61C3 /* Build configuration list for PBXNativeTarget "LiteralsDemo" */;
			buildPhases = (
				81BA3769187A0807000C61C3 /* Sources */,
				81BA376A187A0807000C61C3 /* Frameworks */,
				81BA376B187A0807000C61C3 /* Resources */,
			);
			buildRules = (
			);
			dependencies = (
			);
			name = LiteralsDemo;
			productName = LiteralsDemo;
			productReference = 81BA376D187A0807000C61C3 /* LiteralsDemo.app */;
			productType = "com.apple.product-type.application";
		};
		81BA378D187A0808000C61C3 /* LiteralsDemoTests */ = {
			isa = PBXNativeTarget;
			buildConfigurationList = 81BA37A2187A0808000C61C3 /* Build configuration list for PBXNativeTarget "LiteralsDemoTests" */;
			buildPhases = (
				81BA378A187A0808000C61C3 /* Sources */,
				81BA378B187A0808000C61C3 /* Frameworks */,
				81BA378C187A0808000C61C3 /* Resources */,
			);
			buildRules = (
			);
			dependencies = (
				81BA3794187A0808000C61C3 /* PBXTargetDependency */,
			);
			name = LiteralsDemoTests;
			productName = LiteralsDemoTests;
			productReference = 81BA378E187A0808000C61C3 /* LiteralsDemoTests.xctest */;
			productType = "com.apple.product-type.bundle.unit-test";
		};
/* End PBXNativeTarget section */

/* Begin PBXProject section */
		81BA3765187A0807000C61C3 /* Project object */ = {
			isa = PBXProject;
			attributes = {
				LastUpgradeCheck = 0500;
				ORGANIZATIONNAME = "Noel Zahra";
				TargetAttributes = {
					81BA378D187A0808000C61C3 = {
						TestTargetID = 81BA376C187A0807000C61C3;
					};
				};
			};
			buildConfigurationList = 81BA3768187A0807000C61C3 /* Build configuration list for PBXProject "LiteralsDemo" */;
			compatibilityVersion = "Xcode 3.2";
			developmentRegion = English;
			hasScannedForEncodings = 0;
			knownRegions = (
				en,
				Base,
			);
			mainGroup = 81BA3764187A0807000C61C3;
			productRefGroup = 81BA376E187A0807000C61C3 /* Products */;
			projectDirPath = "";
			projectRoot = "";
			targets = (
				81BA376C187A0807000C61C3 /* LiteralsDemo */,
				81BA378D187A0808000C61C3 /* LiteralsDemoTests */,
			);
		};
/* End PBXProject section */

/* Begin PBXResourcesBuildPhase section */
		81BA376B187A0807000C61C3 /* Resources */ = {
			isa = PBXResourcesBuildPhase;
			buildActionMask = 2147483647;
			files = (
				81BA3789187A0808000C61C3 /* Images.xcassets in Resources */,
				81BA377B187A0808000C61C3 /* InfoPlist.strings in Resources */,
				81BA3784187A0808000C61C3 /* Main.storyboard in Resources */,
			);
			runOnlyForDeploymentPostprocessing = 0;
		};
		81BA378C187A0808000C61C3 /* Resources */ = {
			isa = PBXResourcesBuildPhase;
			buildActionMask = 2147483647;
			files = (
				81BA379A187A0808000C61C3 /* InfoPlist.strings in Resources */,
			);
			runOnlyForDeploymentPostprocessing = 0;
		};
/* End PBXResourcesBuildPhase section */

/* Begin PBXSourcesBuildPhase section */
		81BA3769187A0807000C61C3 /* Sources */ = {
			isa = PBXSourcesBuildPhase;
			buildActionMask = 2147483647;
			files = (
				8111BA4718812F8C00DD2509 /* User.m in Sources */,
				81BA3787187A0808000C61C3 /* ViewController.m in Sources */,
				81BA3781187A0808000C61C3 /* AppDelegate.m in Sources */,
				81BA377D187A0808000C61C3 /* main.m in Sources */,
			);
			runOnlyForDeploymentPostprocessing = 0;
		};
		81BA378A187A0808000C61C3 /* Sources */ = {
			isa = PBXSourcesBuildPhase;
			buildActionMask = 2147483647;
			files = (
				81BA379C187A0808000C61C3 /* LiteralsDemoTests.m in Sources */,
			);
			runOnlyForDeploymentPostprocessing = 0;
		};
/* End PBXSourcesBuildPhase section */

/* Begin PBXTargetDependency section */
		81BA3794187A0808000C61C3 /* PBXTargetDependency */ = {
			isa = PBXTargetDependency;
			target = 81BA376C187A0807000C61C3 /* LiteralsDemo */;
			targetProxy = 81BA3793187A0808000C61C3 /* PBXContainerItemProxy */;
		};
/* End PBXTargetDependency section */

/* Begin PBXVariantGroup section */
		81BA3779187A0808000C61C3 /* InfoPlist.strings */ = {
			isa = PBXVariantGroup;
			children = (
				81BA377A187A0808000C61C3 /* en */,
			);
			name = InfoPlist.strings;
			sourceTree = "<group>";
		};
		81BA3782187A0808000C61C3 /* Main.storyboard */ = {
			isa = PBXVariantGroup;
			children = (
				81BA3783187A0808000C61C3 /* Base */,
			);
			name = Main.storyboard;
			sourceTree = "<group>";
		};
		81BA3798187A0808000C61C3 /* InfoPlist.strings */ = {
			isa = PBXVariantGroup;
			children = (
				81BA3799187A0808000C61C3 /* en */,
			);
			name = InfoPlist.strings;
			sourceTree = "<group>";
		};
/* End PBXVariantGroup section */

/* Begin XCBuildConfiguration section */
		81BA379D187A0808000C61C3 /* Debug */ = {
			isa = XCBuildConfiguration;
			buildSettings = {
				ALWAYS_SEARCH_USER_PATHS = NO;
				ARCHS = "$(ARCHS_STANDARD_INCLUDING_64_BIT)";
				CLANG_CXX_LANGUAGE_STANDARD = "gnu++0x";
				CLANG_CXX_LIBRARY = "libc++";
				CLANG_ENABLE_MODULES = YES;
				CLANG_ENABLE_OBJC_ARC = YES;
				CLANG_WARN_BOOL_CONVERSION = YES;
				CLANG_WARN_CONSTANT_CONVERSION = YES;
				CLANG_WARN_DIRECT_OBJC_ISA_USAGE = YES_ERROR;
				CLANG_WARN_EMPTY_BODY = YES;
				CLANG_WARN_ENUM_CONVERSION = YES;
				CLANG_WARN_INT_CONVERSION = YES;
				CLANG_WARN_OBJC_ROOT_CLASS = YES_ERROR;
				CLANG_WARN__DUPLICATE_METHOD_MATCH = YES;
				"CODE_SIGN_IDENTITY[sdk=iphoneos*]" = "iPhone Developer";
				COPY_PHASE_STRIP = NO;
				GCC_C_LANGUAGE_STANDARD = gnu99;
				GCC_DYNAMIC_NO_PIC = NO;
				GCC_OPTIMIZATION_LEVEL = 0;
				GCC_PREPROCESSOR_DEFINITIONS = (
					"DEBUG=1",
					"$(inherited)",
				);
				GCC_SYMBOLS_PRIVATE_EXTERN = NO;
				GCC_WARN_64_TO_32_BIT_CONVERSION = YES;
				GCC_WARN_ABOUT_RETURN_TYPE = YES_ERROR;
				GCC_WARN_UNDECLARED_SELECTOR = YES;
				GCC_WARN_UNINITIALIZED_AUTOS = YES;
				GCC_WARN_UNUSED_FUNCTION = YES;
				GCC_WARN_UNUSED_VARIABLE = YES;
				IPHONEOS_DEPLOYMENT_TARGET = 7.0;
				ONLY_ACTIVE_ARCH = YES;
				SDKROOT = iphoneos;
			};
			name = Debug;
		};
		81BA379E187A0808000C61C3 /* Release */ = {
			isa = XCBuildConfiguration;
			buildSettings = {
				ALWAYS_SEARCH_USER_PATHS = NO;
				ARCHS = "$(ARCHS_STANDARD_INCLUDING_64_BIT)";
				CLANG_CXX_LANGUAGE_STANDARD = "gnu++0x";
				CLANG_CXX_LIBRARY = "libc++";
				CLANG_ENABLE_MODULES = YES;
				CLANG_ENABLE_OBJC_ARC = YES;
				CLANG_WARN_BOOL_CONVERSION = YES;
				CLANG_WARN_CONSTANT_CONVERSION = YES;
				CLANG_WARN_DIRECT_OBJC_ISA_USAGE = YES_ERROR;
				CLANG_WARN_EMPTY_BODY = YES;
				CLANG_WARN_ENUM_CONVERSION = YES;
				CLANG_WARN_INT_CONVERSION = YES;
				CLANG_WARN_OBJC_ROOT_CLASS = YES_ERROR;
				CLANG_WARN__DUPLICATE_METHOD_MATCH = YES;
				"CODE_SIGN_IDENTITY[sdk=iphoneos*]" = "iPhone Developer";
				COPY_PHASE_STRIP = YES;
				ENABLE_NS_ASSERTIONS = NO;
				GCC_C_LANGUAGE_STANDARD = gnu99;
				GCC_WARN_64_TO_32_BIT_CONVERSION = YES;
				GCC_WARN_ABOUT_RETURN_TYPE = YES_ERROR;
				GCC_WARN_UNDECLARED_SELECTOR = YES;
				GCC_WARN_UNINITIALIZED_AUTOS = YES;
				GCC_WARN_UNUSED_FUNCTION = YES;
				GCC_WARN_UNUSED_VARIABLE = YES;
				IPHONEOS_DEPLOYMENT_TARGET = 7.0;
				SDKROOT = iphoneos;
				VALIDATE_PRODUCT = YES;
			};
			name = Release;
		};
		81BA37A0187A0808000C61C3 /* Debug */ = {
			isa = XCBuildConfiguration;
			buildSettings = {
				ASSETCATALOG_COMPILER_APPICON_NAME = AppIcon;
				ASSETCATALOG_COMPILER_LAUNCHIMAGE_NAME = LaunchImage;
				GCC_PRECOMPILE_PREFIX_HEADER = YES;
				GCC_PREFIX_HEADER = "LiteralsDemo/LiteralsDemo-Prefix.pch";
				INFOPLIST_FILE = "LiteralsDemo/LiteralsDemo-Info.plist";
				PRODUCT_NAME = "$(TARGET_NAME)";
				WRAPPER_EXTENSION = app;
			};
			name = Debug;
		};
		81BA37A1187A0808000C61C3 /* Release */ = {
			isa = XCBuildConfiguration;
			buildSettings = {
				ASSETCATALOG_COMPILER_APPICON_NAME = AppIcon;
				ASSETCATALOG_COMPILER_LAUNCHIMAGE_NAME = LaunchImage;
				GCC_PRECOMPILE_PREFIX_HEADER = YES;
				GCC_PREFIX_HEADER = "LiteralsDemo/LiteralsDemo-Prefix.pch";
				INFOPLIST_FILE = "LiteralsDemo/LiteralsDemo-Info.plist";
				PRODUCT_NAME = "$(TARGET_NAME)";
				WRAPPER_EXTENSION = app;
			};
			name = Release;
		};
		81BA37A3187A0808000C61C3 /* Debug */ = {
			isa = XCBuildConfiguration;
			buildSettings = {
				ARCHS = "$(ARCHS_STANDARD_INCLUDING_64_BIT)";
				BUNDLE_LOADER = "$(BUILT_PRODUCTS_DIR)/LiteralsDemo.app/LiteralsDemo";
				FRAMEWORK_SEARCH_PATHS = (
					"$(SDKROOT)/Developer/Library/Frameworks",
					"$(inherited)",
					"$(DEVELOPER_FRAMEWORKS_DIR)",
				);
				GCC_PRECOMPILE_PREFIX_HEADER = YES;
				GCC_PREFIX_HEADER = "LiteralsDemo/LiteralsDemo-Prefix.pch";
				GCC_PREPROCESSOR_DEFINITIONS = (
					"DEBUG=1",
					"$(inherited)",
				);
				INFOPLIST_FILE = "LiteralsDemoTests/LiteralsDemoTests-Info.plist";
				PRODUCT_NAME = "$(TARGET_NAME)";
				TEST_HOST = "$(BUNDLE_LOADER)";
				WRAPPER_EXTENSION = xctest;
			};
			name = Debug;
		};
		81BA37A4187A0808000C61C3 /* Release */ = {
			isa = XCBuildConfiguration;
			buildSettings = {
				ARCHS = "$(ARCHS_STANDARD_INCLUDING_64_BIT)";
				BUNDLE_LOADER = "$(BUILT_PRODUCTS_DIR)/LiteralsDemo.app/LiteralsDemo";
				FRAMEWORK_SEARCH_PATHS = (
					"$(SDKROOT)/Developer/Library/Frameworks",
					"$(inherited)",
					"$(DEVELOPER_FRAMEWORKS_DIR)",
				);
				GCC_PRECOMPILE_PREFIX_HEADER = YES;
				GCC_PREFIX_HEADER = "LiteralsDemo/LiteralsDemo-Prefix.pch";
				INFOPLIST_FILE = "LiteralsDemoTests/LiteralsDemoTests-Info.plist";
				PRODUCT_NAME = "$(TARGET_NAME)";
				TEST_HOST = "$(BUNDLE_LOADER)";
				WRAPPER_EXTENSION = xctest;
			};
			name = Release;
		};
/* End XCBuildConfiguration section */

/* Begin XCConfigurationList section */
		81BA3768187A0807000C61C3 /* Build configuration list for PBXProject "LiteralsDemo" */ = {
			isa = XCConfigurationList;
			buildConfigurations = (
				81BA379D187A0808000C61C3 /* Debug */,
				81BA379E187A0808000C61C3 /* Release */,
			);
			defaultConfigurationIsVisible = 0;
			defaultConfigurationName = Release;
		};
		81BA379F187A0808000C61C3 /* Build configuration list for PBXNativeTarget "LiteralsDemo" */ = {
			isa = XCConfigurationList;
			buildConfigurations = (
				81BA37A0187A0808000C61C3 /* Debug */,
				81BA37A1187A0808000C61C3 /* Release */,
			);
			defaultConfigurationIsVisible = 0;
			defaultConfigurationName = Release;
		};
		81BA37A2187A0808000C61C3 /* Build configuration list for PBXNativeTarget "LiteralsDemoTests" */ = {
			isa = XCConfigurationList;
			buildConfigurations = (
				81BA37A3187A0808000C61C3 /* Debug */,
				81BA37A4187A0808000C61C3 /* Release */,
			);
			defaultConfigurationIsVisible = 0;
			defaultConfigurationName = Release;
		};
/* End XCConfigurationList section */
	};
	rootObject = 81BA3765187A0807000C61C3 /* Project object */;
}
